version = 1
requires-python = ">=3.10, <3.14"

[[package]]
name = "alpine-psycopg3"
version = "0.1.0"
source = { virtual = "." }
dependencies = [
    { name = "psycopg", extra = ["binary"] },
]

[package.metadata]
requires-dist = [{ name = "psycopg", extras = ["binary"], specifier = "==3.2.2" }]

[[package]]
name = "psycopg"
version = "3.2.2"
source = { registry = "https://pypi.org/simple" }
dependencies = [
    { name = "typing-extensions", marker = "python_full_version < '3.13'" },
    { name = "tzdata", marker = "sys_platform == 'win32'" },
]
sdist = { url = "https://files.pythonhosted.org/packages/fe/70/d1e4c251be6e0752cbc7408f0556f8f922690837309442b9019122295712/psycopg-3.2.2.tar.gz", hash = "sha256:8bad2e497ce22d556dac1464738cb948f8d6bab450d965cf1d8a8effd52412e0", size = 155483 }
wheels = [
    { url = "https://files.pythonhosted.org/packages/3f/89/e63ec25b80290c4a923cdb5ecd5dbc85e310f93fb84b7f294006c9269d95/psycopg-3.2.2-py3-none-any.whl", hash = "sha256:babf565d459d8f72fb65da5e211dd0b58a52c51e4e1fa9cadecff42d6b7619b2", size = 197852 },
]

[package.optional-dependencies]
binary = [
    { name = "psycopg-binary", marker = "implementation_name != 'pypy'" },
]

[[package]]
name = "psycopg-binary"
version = "3.2.2"
source = { registry = "https://pypi.org/simple" }
wheels = [
    { url = "https://files.pythonhosted.org/packages/01/42/f5a181d07c0ae5c8091449fda45d562d3b0861c127b94d7009eaea45c61f/psycopg_binary-3.2.2-cp310-cp310-macosx_12_0_x86_64.whl", hash = "sha256:8eacbf58d4f8d7bc82e0a60476afa2622b5a58f639a3cc2710e3e37b72aff3cb", size = 3381668 },
    { url = "https://files.pythonhosted.org/packages/ce/fb/66d2e3e5d550ba3b9d33e30bf6d5beb871a85eb95553c851fce7f09f8a1e/psycopg_binary-3.2.2-cp310-cp310-macosx_14_0_arm64.whl", hash = "sha256:d07e62476ee8c54853b2b8cfdf3858a574218103b4cd213211f64326c7812437", size = 3502272 },
    { url = "https://files.pythonhosted.org/packages/f0/8d/758da39eca57f046ee712ad4c310840bcc08d889042d1b297cd28c78e909/psycopg_binary-3.2.2-cp310-cp310-manylinux_2_17_aarch64.manylinux2014_aarch64.whl", hash = "sha256:c22e615ee0ecfc6687bb8a39a4ed9d6bac030b5e72ac15e7324fd6e48979af71", size = 4467251 },
    { url = "https://files.pythonhosted.org/packages/91/bb/1abb1ccc318eb878acf9637479334de7406529516126e4af48b16dd85426/psycopg_binary-3.2.2-cp310-cp310-manylinux_2_17_i686.manylinux2014_i686.whl", hash = "sha256:ec29c7ec136263628e3f09a53e51d0a4b1ad765a6e45135707bfa848b39113f9", size = 4268614 },
    { url = "https://files.pythonhosted.org/packages/f5/1a/14b4ae68f1c7cfba543883987d2f134eca31b0983bb684a52e0f51f3ac21/psycopg_binary-3.2.2-cp310-cp310-manylinux_2_17_ppc64le.manylinux2014_ppc64le.whl", hash = "sha256:035753f80cbbf6aceca6386f53e139df70c7aca057b0592711047b5a8cfef8bb", size = 4512352 },
    { url = "https://files.pythonhosted.org/packages/12/44/53df01c7c7cffb351cafa88c58692fab0ab962edd89f22974cbfc38b6677/psycopg_binary-3.2.2-cp310-cp310-manylinux_2_17_x86_64.manylinux2014_x86_64.whl", hash = "sha256:c9ee99336151ff7c30682f2ef9cb1174d235bc1471322faabba97f9db1398167", size = 4212477 },
    { url = "https://files.pythonhosted.org/packages/b7/31/c918927692fc5a9c4db0a7c454e1595e9d40378d5c526d26505f310e4068/psycopg_binary-3.2.2-cp310-cp310-musllinux_1_2_aarch64.whl", hash = "sha256:a60674dff4a4194e88312b463fb84ac80924c2b9e25d0e0460f3176bf1af4a6b", size = 3137907 },
    { url = "https://files.pythonhosted.org/packages/cb/65/538aa057b3e8245a31ea8baac93df9947ee1b2ebf4c02014a556cddd875e/psycopg_binary-3.2.2-cp310-cp310-musllinux_1_2_i686.whl", hash = "sha256:3c701507a49340de422d77a6ce95918a0019990bbf27daec35aa40050c6eadb6", size = 3113363 },
    { url = "https://files.pythonhosted.org/packages/dc/81/eaee4f05bcba19984615e90319c429d125d07e5f0fe8c8ec3025901de4df/psycopg_binary-3.2.2-cp310-cp310-musllinux_1_2_ppc64le.whl", hash = "sha256:1b3c5a04eaf8866e399315cff2e810260cce10b797437a9f49fd71b5f4b94d0a", size = 3220512 },
    { url = "https://files.pythonhosted.org/packages/48/cc/1d0f82a47216f925e36be6f6d7be61984a5168ff8c0496c57f468cc0e219/psycopg_binary-3.2.2-cp310-cp310-musllinux_1_2_x86_64.whl", hash = "sha256:0ad9c09de4c262f516ae6891d042a4325649b18efa39dd82bbe0f7bc95c37bfb", size = 3255023 },
    { url = "https://files.pythonhosted.org/packages/d0/29/c45760ba6218eae37474aa5f46c1f55b290a6d4b86c0c59e60fa5613257a/psycopg_binary-3.2.2-cp310-cp310-win_amd64.whl", hash = "sha256:bf1d3582185cb43ecc27403bee2f5405b7a45ccaab46c8508d9a9327341574fc", size = 2921688 },
    { url = "https://files.pythonhosted.org/packages/1f/1a/76299ad86a01f57a67961c4a45ce06c6eb8e76b8bc7bfb92548c62a6fa72/psycopg_binary-3.2.2-cp311-cp311-macosx_12_0_x86_64.whl", hash = "sha256:554d208757129d34fa47b7c890f9ef922f754e99c6b089cb3a209aa0fe282682", size = 3390336 },
    { url = "https://files.pythonhosted.org/packages/c2/1d/04fbcadd568eb0ee04b0d99286fe4ffd6c76c9cdd130e58d477617b77941/psycopg_binary-3.2.2-cp311-cp311-macosx_14_0_arm64.whl", hash = "sha256:71dc3cc10d1fd7d26a3079d0a5b4a8e8ad0d7b89a702ceb7605a52e4395be122", size = 3507406 },
    { url = "https://files.pythonhosted.org/packages/60/00/094a437f68d83fef4dd139630dfb0e060fcf2a7ac68fffdb63b2f3eaa43a/psycopg_binary-3.2.2-cp311-cp311-manylinux_2_17_aarch64.manylinux2014_aarch64.whl", hash = "sha256:a86f578d63f2e1fdf87c9adaed4ff23d7919bda8791cf1380fa4cf3a857ccb8b", size = 4463745 },
    { url = "https://files.pythonhosted.org/packages/ea/de/0303e807a33251dec41aec709c3041b9ffd86b67d997088c504a24e90ba3/psycopg_binary-3.2.2-cp311-cp311-manylinux_2_17_i686.manylinux2014_i686.whl", hash = "sha256:1a4eb737682c02a602a12aa85a492608066f77793dab681b1c4e885fedc160b1", size = 4263212 },
    { url = "https://files.pythonhosted.org/packages/3f/0d/8fa059bd936bb8e95164cc549d2eaaeaeb7df3a069bbb0ea01b48fab10a4/psycopg_binary-3.2.2-cp311-cp311-manylinux_2_17_ppc64le.manylinux2014_ppc64le.whl", hash = "sha256:9e120a576e74e4e612c48f4b021e322e320ca102534d78a0ca4db2ffd058ae8d", size = 4513242 },
    { url = "https://files.pythonhosted.org/packages/1f/a5/9904c4ae040eef6cdb81c04e43b834302cfd3e47ee7cab8878d114abb168/psycopg_binary-3.2.2-cp311-cp311-manylinux_2_17_x86_64.manylinux2014_x86_64.whl", hash = "sha256:849d518e7d4c6186e1e48ea2ac2671912edf7e732fffe6f01dfed61cf0245de4", size = 4207852 },
    { url = "https://files.pythonhosted.org/packages/07/b7/24438b2ecb3ae8ceea44cf6e2bb92baac6be9b3d92c2940c89b3aa8e520e/psycopg_binary-3.2.2-cp311-cp311-musllinux_1_2_aarch64.whl", hash = "sha256:8ee2b19152bcec8f356f989c31768702be5f139b4d51094273c4a9ddc8c55380", size = 3134053 },
    { url = "https://files.pythonhosted.org/packages/83/e3/d0157858ad814cdc6cf9f9b7543c736f6b56ab9d8dc1b4ca56908ec03586/psycopg_binary-3.2.2-cp311-cp311-musllinux_1_2_i686.whl", hash = "sha256:00273dd011892e8216fcef76b42f775ddaa6348664a7fffae2a27c9557f45bfa", size = 3110817 },
    { url = "https://files.pythonhosted.org/packages/9f/fc/8554c822a80a08cd17b9e2a4e8fc098c940e972e01bc9e3f3774b9e02d54/psycopg_binary-3.2.2-cp311-cp311-musllinux_1_2_ppc64le.whl", hash = "sha256:4bcb489615d7e56d1de42937e6a0fc13f766505729afdb54c2947a52db295220", size = 3214760 },
    { url = "https://files.pythonhosted.org/packages/6a/4d/a12d8a301fbd4416ebdb3f019c777a17edea0452278f630f83237cbcc3d4/psycopg_binary-3.2.2-cp311-cp311-musllinux_1_2_x86_64.whl", hash = "sha256:06963f88916a177df95aaed27101af0989ba206654743b1a0e050b9d8e734686", size = 3253951 },
    { url = "https://files.pythonhosted.org/packages/09/0f/120b190ddaf6afed1eaa2fbc89e29ec810d8af44ff3599521f69f89b64b3/psycopg_binary-3.2.2-cp311-cp311-win_amd64.whl", hash = "sha256:ed1ad836a0c21890c7f84e73c7ef1ed0950e0e4b0d8e49b609b6fd9c13f2ca21", size = 2924949 },
    { url = "https://files.pythonhosted.org/packages/1e/9a/68b76a795fe620c8848c758d12860b8b94998f374882dbf8ea4bc343b9e1/psycopg_binary-3.2.2-cp312-cp312-macosx_12_0_x86_64.whl", hash = "sha256:0dd314229885a81f9497875295d8788e651b78945627540f1e78ed71595e614a", size = 3361334 },
    { url = "https://files.pythonhosted.org/packages/0d/0c/f91242672c58bce7c290e11128569fe66ed27552388499cd80d75a5d4d0d/psycopg_binary-3.2.2-cp312-cp312-macosx_14_0_arm64.whl", hash = "sha256:989acbe2f552769cdb780346cea32d86e7c117044238d5172ac10b025fe47194", size = 3504380 },
    { url = "https://files.pythonhosted.org/packages/e4/45/5fa47240357dea3646f3492d20141a5869cfaedcd5c64499622db7b17a8f/psycopg_binary-3.2.2-cp312-cp312-manylinux_2_17_aarch64.manylinux2014_aarch64.whl", hash = "sha256:566b1c530898590f0ac9d949cf94351c08d73c89f8800c74c0a63ffd89a383c8", size = 4443783 },
    { url = "https://files.pythonhosted.org/packages/ee/e5/9da098d1f7c1b064b39a2499cb4dfebe8fa5a48a132c3f544dab994199c4/psycopg_binary-3.2.2-cp312-cp312-manylinux_2_17_i686.manylinux2014_i686.whl", hash = "sha256:68d03efab7e2830a0df3aa4c29a708930e3f6b9fd98774ff9c4fd1f33deafecc", size = 4247070 },
    { url = "https://files.pythonhosted.org/packages/ba/44/c905a0ce2c66c0250a4ddce8eef41edc728bd2055ecaf8bd23468110c3f4/psycopg_binary-3.2.2-cp312-cp312-manylinux_2_17_ppc64le.manylinux2014_ppc64le.whl", hash = "sha256:1e1f013bfb744023df23750fde51edcb606def8328473361db3c192c392c6060", size = 4483735 },
    { url = "https://files.pythonhosted.org/packages/30/2d/9f6bfcff78b643d220e088d91103fde70d193b9745d8999c7654ad45cd65/psycopg_binary-3.2.2-cp312-cp312-manylinux_2_17_x86_64.manylinux2014_x86_64.whl", hash = "sha256:a06136aab55a2de7dd4e2555badae276846827cfb023e6ba1b22f7a7b88e3f1b", size = 4186284 },
    { url = "https://files.pythonhosted.org/packages/44/48/79e7886a28818fdb4d5d39a86b5769bb33681ac23efe23accdaab42514c6/psycopg_binary-3.2.2-cp312-cp312-musllinux_1_2_aarch64.whl", hash = "sha256:020c5154be144a1440cf87eae012b9004fb414ae4b9e7b1b9fb808fe39e96e83", size = 3110593 },
    { url = "https://files.pythonhosted.org/packages/5c/93/83d5610d259feb1d4d2d37cc0e1781f0d1632c885f5e2f85808b5b196552/psycopg_binary-3.2.2-cp312-cp312-musllinux_1_2_i686.whl", hash = "sha256:ef341c556aeaa43a2729b07b04e20bfffdcf3d96c4a96e728ca94fe4ce632d8c", size = 3095074 },
    { url = "https://files.pythonhosted.org/packages/b6/94/3126db7a06fa9fe2ab3b1d6dd7a4add6bc1596b6864e01a77239702827b4/psycopg_binary-3.2.2-cp312-cp312-musllinux_1_2_ppc64le.whl", hash = "sha256:66de2dd7d37bf66eb234ca9d907f5cd8caca43ff8d8a50dd5c15844d1cf0390c", size = 3184181 },
    { url = "https://files.pythonhosted.org/packages/6c/0e/6cce5ffaa25a25ede5ff08e757232bb425cacafe622627f29d286774073b/psycopg_binary-3.2.2-cp312-cp312-musllinux_1_2_x86_64.whl", hash = "sha256:2eb6f8f410dbbb71b8c633f283b8588b63bee0a7321f00ab76e9c800c593f732", size = 3229942 },
    { url = "https://files.pythonhosted.org/packages/10/31/951247b07205711115307f36ec3dbf6726101e086562febf6f989cbd6b95/psycopg_binary-3.2.2-cp312-cp312-win_amd64.whl", hash = "sha256:b45553c6b614d02e1486585980afdfd18f0000aac668e2e87c6e32da1adb051a", size = 2912528 },
    { url = "https://files.pythonhosted.org/packages/87/e5/245f749abdfc33b42ec2bc4d89fe2cdb29cd40dca7156d0e09308c33f933/psycopg_binary-3.2.2-cp313-cp313-macosx_12_0_x86_64.whl", hash = "sha256:1ee891287c2da57e7fee31fbe2fbcdf57125768133d811b02e9523d5a052eb28", size = 3358682 },
    { url = "https://files.pythonhosted.org/packages/93/dc/047a90e2bfd80a8414f5a203c7ff1747e3b3f43231c3c8059e8be91849cc/psycopg_binary-3.2.2-cp313-cp313-macosx_14_0_arm64.whl", hash = "sha256:5e95e4a8076ac7611e571623e1113fa84fd48c0459601969ffbf534d7aa236e7", size = 3500354 },
    { url = "https://files.pythonhosted.org/packages/df/72/b905dec41c30a8aad21f7767b21d3e5d3b9a7e92c1844678e4083d79257b/psycopg_binary-3.2.2-cp313-cp313-manylinux_2_17_aarch64.manylinux2014_aarch64.whl", hash = "sha256:6269d79a3d7d76b6fcf0fafae8444da00e83777a6c68c43851351a571ad37155", size = 4445322 },
    { url = "https://files.pythonhosted.org/packages/aa/41/aef11d4cda1af4a8181fbd578af39d6920232624fc6222f6b2f9758cc0e0/psycopg_binary-3.2.2-cp313-cp313-manylinux_2_17_i686.manylinux2014_i686.whl", hash = "sha256:d6dd5d21a298c3c53af20ced8da4ae4cd038c6fe88c80842a8888fa3660b2094", size = 4248626 },
    { url = "https://files.pythonhosted.org/packages/6c/75/39ed8598f44188e4985f31f2639aa9894851fdfbf061bf926744b08b5790/psycopg_binary-3.2.2-cp313-cp313-manylinux_2_17_ppc64le.manylinux2014_ppc64le.whl", hash = "sha256:4cf64e41e238620f05aad862f06bc8424f8f320d8075f1499bd85a225d18bd57", size = 4485767 },
    { url = "https://files.pythonhosted.org/packages/00/5a/ecdc4cf957d0658f77cc6fa61f6ee2e5118c914e5f93497375023389a1e5/psycopg_binary-3.2.2-cp313-cp313-manylinux_2_17_x86_64.manylinux2014_x86_64.whl", hash = "sha256:3c482c3236ded54add31136a91d5223b233ec301f297fa2db79747404222dca6", size = 4188840 },
    { url = "https://files.pythonhosted.org/packages/2d/71/af4c47a665d13d2477085f77fb64195da5d6463dd54fc3a8bdfd5c082d24/psycopg_binary-3.2.2-cp313-cp313-musllinux_1_2_aarch64.whl", hash = "sha256:0718be095cefdad712542169d16fa58b3bd9200a3de1b0217ae761cdec1cf569", size = 3114998 },
    { url = "https://files.pythonhosted.org/packages/38/8f/6d56168d2ce7e7d802e09a4288faceb52f28bd4023cde72ede9e848c9f9b/psycopg_binary-3.2.2-cp313-cp313-musllinux_1_2_i686.whl", hash = "sha256:fb303b03c243a9041e1873b596e246f7caaf01710b312fafa65b1db5cd77dd6f", size = 3095882 },
    { url = "https://files.pythonhosted.org/packages/8b/76/c77643d97292673d8a5e3eea643812d585993155658f840c86bfa855e077/psycopg_binary-3.2.2-cp313-cp313-musllinux_1_2_ppc64le.whl", hash = "sha256:705da5bc4364bd7529473225fca02b795653bc5bd824dbe43e1df0b1a40fe691", size = 3189435 },
    { url = "https://files.pythonhosted.org/packages/30/31/b4ea793bdf44acca51e3fa6f68cc80d03725e8ef87fc2ee2b332c49fa521/psycopg_binary-3.2.2-cp313-cp313-musllinux_1_2_x86_64.whl", hash = "sha256:05406b96139912574571b1c56bb023839a9146cf4b57c4548f36251dd5909fa1", size = 3233951 },
    { url = "https://files.pythonhosted.org/packages/49/e3/633d6d05e40651acb30458e296c90e878fa4caf3b3c21bb9e6adc912b811/psycopg_binary-3.2.2-cp313-cp313-win_amd64.whl", hash = "sha256:7c357cf87e8d7612cfe781225be7669f35038a765d1b53ec9605f6c5aef9ee85", size = 2913412 },
]

[[package]]
name = "typing-extensions"
version = "4.12.2"
source = { registry = "https://pypi.org/simple" }
sdist = { url = "https://files.pythonhosted.org/packages/df/db/f35a00659bc03fec321ba8bce9420de607a1d37f8342eee1863174c69557/typing_extensions-4.12.2.tar.gz", hash = "sha256:1a7ead55c7e559dd4dee8856e3a88b41225abfe1ce8df57b7c13915fe121ffb8", size = 85321 }
wheels = [
    { url = "https://files.pythonhosted.org/packages/26/9f/ad63fc0248c5379346306f8668cda6e2e2e9c95e01216d2b8ffd9ff037d0/typing_extensions-4.12.2-py3-none-any.whl", hash = "sha256:04e5ca0351e0f3f85c6853954072df659d0d13fac324d0072316b67d7794700d", size = 37438 },
]

[[package]]
name = "tzdata"
version = "2024.2"
source = { registry = "https://pypi.org/simple" }
sdist = { url = "https://files.pythonhosted.org/packages/e1/34/943888654477a574a86a98e9896bae89c7aa15078ec29f490fef2f1e5384/tzdata-2024.2.tar.gz", hash = "sha256:7d85cc416e9382e69095b7bdf4afd9e3880418a2413feec7069d533d6b4e31cc", size = 193282 }
wheels = [
    { url = "https://files.pythonhosted.org/packages/a6/ab/7e5f53c3b9d14972843a647d8d7a853969a58aecc7559cb3267302c94774/tzdata-2024.2-py2.py3-none-any.whl", hash = "sha256:a48093786cdcde33cad18c2555e8532f34422074448fbc874186f0abd79565cd", size = 346586 },
]
